
Microsoft Visual Studio Solution File, Format Version 12.00
# Visual Studio Version 16
VisualStudioVersion = 16.0.30128.74
MinimumVisualStudioVersion = 10.0.40219.1
Project("{FAE04EC0-301F-11D3-BF4B-00C04F79EFBC}") = "ToDoList", "ToDoList\ToDoList.csproj", "{AFFAF5AF-C557-427A-BC57-F6BD2B2CAE7B}"
EndProject
Global
	GlobalSection(SolutionConfigurationPlatforms) = preSolution
		Debug|Any CPU = Debug|Any CPU
		Release|Any CPU = Release|Any CPU
	EndGlobalSection
	GlobalSection(ProjectConfigurationPlatforms) = postSolution
		{AFFAF5AF-C557-427A-BC57-F6BD2B2CAE7B}.Debug|Any CPU.ActiveCfg = Debug|Any CPU
		{AFFAF5AF-C557-427A-BC57-F6BD2B2CAE7B}.Debug|Any CPU.Build.0 = Debug|Any CPU
		{AFFAF5AF-C557-427A-BC57-F6BD2B2CAE7B}.Release|Any CPU.ActiveCfg = Release|Any CPU
		{AFFAF5AF-C557-427A-BC57-F6BD2B2CAE7B}.Release|Any CPU.Build.0 = Release|Any CPU
	EndGlobalSection
	GlobalSection(SolutionProperties) = preSolution
		HideSolutionNode = FALSE
	EndGlobalSection
	GlobalSection(ExtensibilityGlobals) = postSolution
		SolutionGuid = {0F736EA2-08E9-4E59-A98C-8131B7667057}
	EndGlobalSection
EndGlobal
